
Microsoft Visual Studio Solution File, Format Version 12.00
# Visual Studio 15
VisualStudioVersion = 15.0.28010.2016
MinimumVisualStudioVersion = 10.0.40219.1
Project("{FAE04EC0-301F-11D3-BF4B-00C04F79EFBC}") = "Cash Register", "Cash Register\Cash Register.csproj", "{2AF336B1-E374-4653-AB11-9B9149E6F5F6}"
EndProject
Global
	GlobalSection(SolutionConfigurationPlatforms) = preSolution
		Debug|Any CPU = Debug|Any CPU
		Release|Any CPU = Release|Any CPU
	EndGlobalSection
	GlobalSection(ProjectConfigurationPlatforms) = postSolution
		{2AF336B1-E374-4653-AB11-9B9149E6F5F6}.Debug|Any CPU.ActiveCfg = Debug|Any CPU
		{2AF336B1-E374-4653-AB11-9B9149E6F5F6}.Debug|Any CPU.Build.0 = Debug|Any CPU
		{2AF336B1-E374-4653-AB11-9B9149E6F5F6}.Release|Any CPU.ActiveCfg = Release|Any CPU
		{2AF336B1-E374-4653-AB11-9B9149E6F5F6}.Release|Any CPU.Build.0 = Release|Any CPU
	EndGlobalSection
	GlobalSection(SolutionProperties) = preSolution
		HideSolutionNode = FALSE
	EndGlobalSection
	GlobalSection(ExtensibilityGlobals) = postSolution
		SolutionGuid = {58492A98-FF66-4AC8-A12E-1BDE41E6EA28}
	EndGlobalSection
EndGlobal
